hash: b24367e11896086127374f7db11581a5c04beaa8dfec087db269589c244b82f9
updated: 2017-04-04T12:06:25.4950638-07:00
imports:
- name: github.com/Azure/azure-sdk-for-go
  version: 8b742db0f792bb89ee4dadbdb2314aeb9a5626d2
  subpackages:
  - arm/network
  - arm/resources/resources
- name: github.com/Azure/go-autorest
  version: ec5f4903f77ed9927ac95b19ab8e44ada64c1356
  subpackages:
  - autorest/azure
  - autorest
  - autorest/to
  - autorest/validation
  - autorest/date
- name: github.com/dgrijalva/jwt-go
  version: a601269ab70c205d26370c16f7c81e9017c14e04
- name: github.com/marstr/guid
  version: 8926f83764578dfb6b5017223c12135cbc967a20
testImports: []
